
Microsoft Visual Studio Solution File, Format Version 12.00
# Visual Studio Version 17
VisualStudioVersion = 17.5.002.0
MinimumVisualStudioVersion = 10.0.40219.1
Project("{9A19103F-16F7-4668-BE54-9A1E7A4F7556}") = "mvcsite", "mvcsite.csproj", "{6D0E4429-C492-480F-BC38-53C6CAFF0419}"
EndProject
Global
	GlobalSection(SolutionConfigurationPlatforms) = preSolution
		Debug|Any CPU = Debug|Any CPU
		Release|Any CPU = Release|Any CPU
	EndGlobalSection
	GlobalSection(ProjectConfigurationPlatforms) = postSolution
		{6D0E4429-C492-480F-BC38-53C6CAFF0419}.Debug|Any CPU.ActiveCfg = Debug|Any CPU
		{6D0E4429-C492-480F-BC38-53C6CAFF0419}.Debug|Any CPU.Build.0 = Debug|Any CPU
		{6D0E4429-C492-480F-BC38-53C6CAFF0419}.Release|Any CPU.ActiveCfg = Release|Any CPU
		{6D0E4429-C492-480F-BC38-53C6CAFF0419}.Release|Any CPU.Build.0 = Release|Any CPU
	EndGlobalSection
	GlobalSection(SolutionProperties) = preSolution
		HideSolutionNode = FALSE
	EndGlobalSection
	GlobalSection(ExtensibilityGlobals) = postSolution
		SolutionGuid = {B91B34E4-F488-46CE-B0E0-D790DD7CC112}
	EndGlobalSection
EndGlobal
